// !$*UTF8*$!
{
	archiveVersion = 1;
	classes = {
	};
	objectVersion = 46;
	objects = {

/* Begin PBXBuildFile section */
		CF02A0E11D06F43D005710B1 /* Contention.m in Sources */ = {isa = PBXBuildFile; fileRef = CF02A0E01D06F43D005710B1 /* Contention.m */; };
		CF02A0E41D06F693005710B1 /* NewsfeedCell.m in Sources */ = {isa = PBXBuildFile; fileRef = CF02A0E31D06F693005710B1 /* NewsfeedCell.m */; };
		CF1B7C3C1D05D39500260CD4 /* ServerEndPoints.m in Sources */ = {isa = PBXBuildFile; fileRef = CF1B7C3B1D05D39500260CD4 /* ServerEndPoints.m */; };
		CF1B7C411D05E5A400260CD4 /* NewsfeedViewController.m in Sources */ = {isa = PBXBuildFile; fileRef = CF1B7C401D05E5A400260CD4 /* NewsfeedViewController.m */; };
		CF64A60C1B4A9A5D00F29857 /* main.m in Sources */ = {isa = PBXBuildFile; fileRef = CF64A60B1B4A9A5D00F29857 /* main.m */; };
		CF64A60F1B4A9A5D00F29857 /* AppDelegate.m in Sources */ = {isa = PBXBuildFile; fileRef = CF64A60E1B4A9A5D00F29857 /* AppDelegate.m */; };
		CF64A6171B4A9A5D00F29857 /* Images.xcassets in Resources */ = {isa = PBXBuildFile; fileRef = CF64A6161B4A9A5D00F29857 /* Images.xcassets */; };
		CF64A61A1B4A9A5D00F29857 /* LaunchScreen.xib in Resources */ = {isa = PBXBuildFile; fileRef = CF64A6181B4A9A5D00F29857 /* LaunchScreen.xib */; };
		CF64A6261B4A9A5D00F29857 /* ArgumanTests.m in Sources */ = {isa = PBXBuildFile; fileRef = CF64A6251B4A9A5D00F29857 /* ArgumanTests.m */; };
		CF64A6331B4A9A9F00F29857 /* Argument.m in Sources */ = {isa = PBXBuildFile; fileRef = CF64A6321B4A9A9F00F29857 /* Argument.m */; };
		CF64A6361B4A9AAB00F29857 /* Premise.m in Sources */ = {isa = PBXBuildFile; fileRef = CF64A6351B4A9AAB00F29857 /* Premise.m */; };
		CF64A63A1B4A9B1700F29857 /* User.m in Sources */ = {isa = PBXBuildFile; fileRef = CF64A6391B4A9B1700F29857 /* User.m */; };
		CF64A63E1B4A9B3B00F29857 /* Newsfeed.m in Sources */ = {isa = PBXBuildFile; fileRef = CF64A63D1B4A9B3B00F29857 /* Newsfeed.m */; };
		CF64A6421B4A9B7300F29857 /* Notification.m in Sources */ = {isa = PBXBuildFile; fileRef = CF64A6411B4A9B7300F29857 /* Notification.m */; };
		CF698C5A1D072052000DB479 /* ArgumentsViewController.m in Sources */ = {isa = PBXBuildFile; fileRef = CF698C591D072052000DB479 /* ArgumentsViewController.m */; };
		CF698C5D1D072573000DB479 /* ArgumentsCell.m in Sources */ = {isa = PBXBuildFile; fileRef = CF698C5C1D072573000DB479 /* ArgumentsCell.m */; };
		CFAEB69B1D106E5A0049D0B0 /* AFNetworking.framework in Frameworks */ = {isa = PBXBuildFile; fileRef = CFAEB68C1D106E440049D0B0 /* AFNetworking.framework */; };
		CFAEB6B61D106E810049D0B0 /* NSDateTimeAgo.framework in Frameworks */ = {isa = PBXBuildFile; fileRef = CFAEB6AF1D106E6D0049D0B0 /* NSDateTimeAgo.framework */; };
		CFAEBDAE1D0819B70097597F /* Helpers.m in Sources */ = {isa = PBXBuildFile; fileRef = CFAEBDAD1D0819B70097597F /* Helpers.m */; };
		CFAEBDE81D084FDB0097597F /* Fallacy.m in Sources */ = {isa = PBXBuildFile; fileRef = CFAEBDE71D084FDB0097597F /* Fallacy.m */; };
		CFAEBDEB1D0872650097597F /* ARGError.m in Sources */ = {isa = PBXBuildFile; fileRef = CFAEBDEA1D0872650097597F /* ARGError.m */; };
		CFAEBDEF1D087A490097597F /* UIImageView+Async.m in Sources */ = {isa = PBXBuildFile; fileRef = CFAEBDEE1D087A490097597F /* UIImageView+Async.m */; };
		CFAEBDF41D09A43A0097597F /* SettingsViewController.m in Sources */ = {isa = PBXBuildFile; fileRef = CFAEBDF31D09A43A0097597F /* SettingsViewController.m */; };
		CFAEBDF81D09A72A0097597F /* ArgumentDetailsViewController.m in Sources */ = {isa = PBXBuildFile; fileRef = CFAEBDF71D09A72A0097597F /* ArgumentDetailsViewController.m */; };
		CFAEBDFB1D09A89C0097597F /* ArgumentTableHeaderView.m in Sources */ = {isa = PBXBuildFile; fileRef = CFAEBDFA1D09A89C0097597F /* ArgumentTableHeaderView.m */; };
		CFAEBDFE1D09BACF0097597F /* PremiseCell.m in Sources */ = {isa = PBXBuildFile; fileRef = CFAEBDFD1D09BACF0097597F /* PremiseCell.m */; };
		CFAEBE081D09C1660097597F /* PremiseDetailsViewController.m in Sources */ = {isa = PBXBuildFile; fileRef = CFAEBE071D09C1660097597F /* PremiseDetailsViewController.m */; };
		CFCC59121D09C3D900DD55DA /* PremiseTableHeaderView.m in Sources */ = {isa = PBXBuildFile; fileRef = CFCC59111D09C3D900DD55DA /* PremiseTableHeaderView.m */; };
/* End PBXBuildFile section */

/* Begin PBXContainerItemProxy section */
		CF64A6201B4A9A5D00F29857 /* PBXContainerItemProxy */ = {
			isa = PBXContainerItemProxy;
			containerPortal = CF64A5FE1B4A9A5D00F29857 /* Project object */;
			proxyType = 1;
			remoteGlobalIDString = CF64A6051B4A9A5D00F29857;
			remoteInfo = Arguman;
		};
		CFAEB68B1D106E440049D0B0 /* PBXContainerItemProxy */ = {
			isa = PBXContainerItemProxy;
			containerPortal = CFAEB6811D106E440049D0B0 /* AFNetworking.xcodeproj */;
			proxyType = 2;
			remoteGlobalIDString = 299522391BBF104D00859F49;
			remoteInfo = "AFNetworking iOS";
		};
		CFAEB68D1D106E440049D0B0 /* PBXContainerItemProxy */ = {
			isa = PBXContainerItemProxy;
			containerPortal = CFAEB6811D106E440049D0B0 /* AFNetworking.xcodeproj */;
			proxyType = 2;
			remoteGlobalIDString = 299522651BBF129200859F49;
			remoteInfo = "AFNetworking watchOS";
		};
		CFAEB68F1D106E440049D0B0 /* PBXContainerItemProxy */ = {
			isa = PBXContainerItemProxy;
			containerPortal = CFAEB6811D106E440049D0B0 /* AFNetworking.xcodeproj */;
			proxyType = 2;
			remoteGlobalIDString = 299522771BBF136400859F49;
			remoteInfo = "AFNetworking OS X";
		};
		CFAEB6911D106E440049D0B0 /* PBXContainerItemProxy */ = {
			isa = PBXContainerItemProxy;
			containerPortal = CFAEB6811D106E440049D0B0 /* AFNetworking.xcodeproj */;
			proxyType = 2;
			remoteGlobalIDString = 2987B0A51BC408A200179A4C;
			remoteInfo = "AFNetworking tvOS";
		};
		CFAEB6931D106E440049D0B0 /* PBXContainerItemProxy */ = {
			isa = PBXContainerItemProxy;
			containerPortal = CFAEB6811D106E440049D0B0 /* AFNetworking.xcodeproj */;
			proxyType = 2;
			remoteGlobalIDString = 298D7C3B1BC2C79500FD3B3E;
			remoteInfo = "AFNetworking iOS Tests";
		};
		CFAEB6951D106E440049D0B0 /* PBXContainerItemProxy */ = {
			isa = PBXContainerItemProxy;
			containerPortal = CFAEB6811D106E440049D0B0 /* AFNetworking.xcodeproj */;
			proxyType = 2;
			remoteGlobalIDString = 298D7C4A1BC2C7B200FD3B3E;
			remoteInfo = "AFNetworking Mac OS X Tests";
		};
		CFAEB6971D106E440049D0B0 /* PBXContainerItemProxy */ = {
			isa = PBXContainerItemProxy;
			containerPortal = CFAEB6811D106E440049D0B0 /* AFNetworking.xcodeproj */;
			proxyType = 2;
			remoteGlobalIDString = 2987B0AE1BC408A200179A4C;
			remoteInfo = "AFNetworking tvOS Tests";
		};
		CFAEB6991D106E4B0049D0B0 /* PBXContainerItemProxy */ = {
			isa = PBXContainerItemProxy;
			containerPortal = CFAEB6811D106E440049D0B0 /* AFNetworking.xcodeproj */;
			proxyType = 1;
			remoteGlobalIDString = 299522381BBF104D00859F49;
			remoteInfo = "AFNetworking iOS";
		};
		CFAEB6AE1D106E6D0049D0B0 /* PBXContainerItemProxy */ = {
			isa = PBXContainerItemProxy;
			containerPortal = CFAEB6A81D106E6D0049D0B0 /* NSDateTimeAgo.xcodeproj */;
			proxyType = 2;
			remoteGlobalIDString = 833CD3781BCD9BD90085A751;
			remoteInfo = NSDateTimeAgo;
		};
		CFAEB6B01D106E6D0049D0B0 /* PBXContainerItemProxy */ = {
			isa = PBXContainerItemProxy;
			containerPortal = CFAEB6A81D106E6D0049D0B0 /* NSDateTimeAgo.xcodeproj */;
			proxyType = 2;
			remoteGlobalIDString = 83AC39091BD066C500A9C7F7;
			remoteInfo = NSDateTimeAgoTests;
		};
		CFAEB6B21D106E6D0049D0B0 /* PBXContainerItemProxy */ = {
			isa = PBXContainerItemProxy;
			containerPortal = CFAEB6A81D106E6D0049D0B0 /* NSDateTimeAgo.xcodeproj */;
			proxyType = 2;
			remoteGlobalIDString = 535788321CD03AAB00F72193;
			remoteInfo = "NSDateTimeAgo-OSX";
		};
		CFAEB6B41D106E780049D0B0 /* PBXContainerItemProxy */ = {
			isa = PBXContainerItemProxy;
			containerPortal = CFAEB6A81D106E6D0049D0B0 /* NSDateTimeAgo.xcodeproj */;
			proxyType = 1;
			remoteGlobalIDString = 833CD3771BCD9BD90085A751;
			remoteInfo = NSDateTimeAgo;
		};
/* End PBXContainerItemProxy section */

/* Begin PBXFileReference section */
		CF02A0DF1D06F43D005710B1 /* Contention.h */ = {isa = PBXFileReference; fileEncoding = 4; lastKnownFileType = sourcecode.c.h; name = Contention.h; path = Model/Arguments/Contention.h; sourceTree = "<group>"; };
		CF02A0E01D06F43D005710B1 /* Contention.m */ = {isa = PBXFileReference; fileEncoding = 4; lastKnownFileType = sourcecode.c.objc; name = Contention.m; path = Model/Arguments/Contention.m; sourceTree = "<group>"; };
		CF02A0E21D06F693005710B1 /* NewsfeedCell.h */ = {isa = PBXFileReference; fileEncoding = 4; lastKnownFileType = sourcecode.c.h; name = NewsfeedCell.h; path = ViewControllers/NewsfeedViewController/NewsfeedCell.h; sourceTree = "<group>"; };
		CF02A0E31D06F693005710B1 /* NewsfeedCell.m */ = {isa = PBXFileReference; fileEncoding = 4; lastKnownFileType = sourcecode.c.objc; name = NewsfeedCell.m; path = ViewControllers/NewsfeedViewController/NewsfeedCell.m; sourceTree = "<group>"; };
		CF1B7C381D05D30200260CD4 /* Constants.h */ = {isa = PBXFileReference; fileEncoding = 4; lastKnownFileType = sourcecode.c.h; path = Constants.h; sourceTree = "<group>"; };
		CF1B7C3A1D05D39500260CD4 /* ServerEndPoints.h */ = {isa = PBXFileReference; fileEncoding = 4; lastKnownFileType = sourcecode.c.h; name = ServerEndPoints.h; path = Model/Server/ServerEndPoints.h; sourceTree = "<group>"; };
		CF1B7C3B1D05D39500260CD4 /* ServerEndPoints.m */ = {isa = PBXFileReference; fileEncoding = 4; lastKnownFileType = sourcecode.c.objc; name = ServerEndPoints.m; path = Model/Server/ServerEndPoints.m; sourceTree = "<group>"; };
		CF1B7C3F1D05E5A400260CD4 /* NewsfeedViewController.h */ = {isa = PBXFileReference; fileEncoding = 4; lastKnownFileType = sourcecode.c.h; name = NewsfeedViewController.h; path = ViewControllers/NewsfeedViewController/NewsfeedViewController.h; sourceTree = "<group>"; };
		CF1B7C401D05E5A400260CD4 /* NewsfeedViewController.m */ = {isa = PBXFileReference; fileEncoding = 4; lastKnownFileType = sourcecode.c.objc; name = NewsfeedViewController.m; path = ViewControllers/NewsfeedViewController/NewsfeedViewController.m; sourceTree = "<group>"; };
		CF64A6061B4A9A5D00F29857 /* Arguman.app */ = {isa = PBXFileReference; explicitFileType = wrapper.application; includeInIndex = 0; path = Arguman.app; sourceTree = BUILT_PRODUCTS_DIR; };
		CF64A60A1B4A9A5D00F29857 /* Info.plist */ = {isa = PBXFileReference; lastKnownFileType = text.plist.xml; path = Info.plist; sourceTree = "<group>"; };
		CF64A60B1B4A9A5D00F29857 /* main.m */ = {isa = PBXFileReference; lastKnownFileType = sourcecode.c.objc; path = main.m; sourceTree = "<group>"; };
		CF64A60D1B4A9A5D00F29857 /* AppDelegate.h */ = {isa = PBXFileReference; lastKnownFileType = sourcecode.c.h; path = AppDelegate.h; sourceTree = "<group>"; };
		CF64A60E1B4A9A5D00F29857 /* AppDelegate.m */ = {isa = PBXFileReference; lastKnownFileType = sourcecode.c.objc; path = AppDelegate.m; sourceTree = "<group>"; };
		CF64A6161B4A9A5D00F29857 /* Images.xcassets */ = {isa = PBXFileReference; lastKnownFileType = folder.assetcatalog; path = Images.xcassets; sourceTree = "<group>"; };
		CF64A6191B4A9A5D00F29857 /* Base */ = {isa = PBXFileReference; lastKnownFileType = file.xib; name = Base; path = Base.lproj/LaunchScreen.xib; sourceTree = "<group>"; };
		CF64A61F1B4A9A5D00F29857 /* ArgumanTests.xctest */ = {isa = PBXFileReference; explicitFileType = wrapper.cfbundle; includeInIndex = 0; path = ArgumanTests.xctest; sourceTree = BUILT_PRODUCTS_DIR; };
		CF64A6241B4A9A5D00F29857 /* Info.plist */ = {isa = PBXFileReference; lastKnownFileType = text.plist.xml; path = Info.plist; sourceTree = "<group>"; };
		CF64A6251B4A9A5D00F29857 /* ArgumanTests.m */ = {isa = PBXFileReference; lastKnownFileType = sourcecode.c.objc; path = ArgumanTests.m; sourceTree = "<group>"; };
		CF64A6311B4A9A9F00F29857 /* Argument.h */ = {isa = PBXFileReference; fileEncoding = 4; lastKnownFileType = sourcecode.c.h; name = Argument.h; path = Model/Arguments/Argument.h; sourceTree = "<group>"; };
		CF64A6321B4A9A9F00F29857 /* Argument.m */ = {isa = PBXFileReference; fileEncoding = 4; lastKnownFileType = sourcecode.c.objc; name = Argument.m; path = Model/Arguments/Argument.m; sourceTree = "<group>"; };
		CF64A6341B4A9AAB00F29857 /* Premise.h */ = {isa = PBXFileReference; fileEncoding = 4; lastKnownFileType = sourcecode.c.h; name = Premise.h; path = Model/Arguments/Premise.h; sourceTree = "<group>"; };
		CF64A6351B4A9AAB00F29857 /* Premise.m */ = {isa = PBXFileReference; fileEncoding = 4; lastKnownFileType = sourcecode.c.objc; name = Premise.m; path = Model/Arguments/Premise.m; sourceTree = "<group>"; };
		CF64A6381B4A9B1700F29857 /* User.h */ = {isa = PBXFileReference; fileEncoding = 4; lastKnownFileType = sourcecode.c.h; name = User.h; path = Model/Auth/User.h; sourceTree = "<group>"; };
		CF64A6391B4A9B1700F29857 /* User.m */ = {isa = PBXFileReference; fileEncoding = 4; lastKnownFileType = sourcecode.c.objc; name = User.m; path = Model/Auth/User.m; sourceTree = "<group>"; };
		CF64A63C1B4A9B3B00F29857 /* Newsfeed.h */ = {isa = PBXFileReference; fileEncoding = 4; lastKnownFileType = sourcecode.c.h; name = Newsfeed.h; path = Model/Newsfeed/Newsfeed.h; sourceTree = "<group>"; };
		CF64A63D1B4A9B3B00F29857 /* Newsfeed.m */ = {isa = PBXFileReference; fileEncoding = 4; lastKnownFileType = sourcecode.c.objc; name = Newsfeed.m; path = Model/Newsfeed/Newsfeed.m; sourceTree = "<group>"; };
		CF64A6401B4A9B7300F29857 /* Notification.h */ = {isa = PBXFileReference; fileEncoding = 4; lastKnownFileType = sourcecode.c.h; name = Notification.h; path = Model/Notifications/Notification.h; sourceTree = "<group>"; };
		CF64A6411B4A9B7300F29857 /* Notification.m */ = {isa = PBXFileReference; fileEncoding = 4; lastKnownFileType = sourcecode.c.objc; name = Notification.m; path = Model/Notifications/Notification.m; sourceTree = "<group>"; };
		CF698C581D072052000DB479 /* ArgumentsViewController.h */ = {isa = PBXFileReference; fileEncoding = 4; lastKnownFileType = sourcecode.c.h; name = ArgumentsViewController.h; path = ViewControllers/ArgumentViewController/ArgumentsViewController.h; sourceTree = "<group>"; };
		CF698C591D072052000DB479 /* ArgumentsViewController.m */ = {isa = PBXFileReference; fileEncoding = 4; lastKnownFileType = sourcecode.c.objc; name = ArgumentsViewController.m; path = ViewControllers/ArgumentViewController/ArgumentsViewController.m; sourceTree = "<group>"; };
		CF698C5B1D072573000DB479 /* ArgumentsCell.h */ = {isa = PBXFileReference; fileEncoding = 4; lastKnownFileType = sourcecode.c.h; name = ArgumentsCell.h; path = ViewControllers/ArgumentViewController/ArgumentsCell.h; sourceTree = "<group>"; };
		CF698C5C1D072573000DB479 /* ArgumentsCell.m */ = {isa = PBXFileReference; fileEncoding = 4; lastKnownFileType = sourcecode.c.objc; name = ArgumentsCell.m; path = ViewControllers/ArgumentViewController/ArgumentsCell.m; sourceTree = "<group>"; };
		CFAEB6811D106E440049D0B0 /* AFNetworking.xcodeproj */ = {isa = PBXFileReference; lastKnownFileType = "wrapper.pb-project"; name = AFNetworking.xcodeproj; path = vendor/AFNetworking/AFNetworking.xcodeproj; sourceTree = "<group>"; };
		CFAEB6A81D106E6D0049D0B0 /* NSDateTimeAgo.xcodeproj */ = {isa = PBXFileReference; lastKnownFileType = "wrapper.pb-project"; name = NSDateTimeAgo.xcodeproj; path = vendor/TimeAgo/NSDateTimeAgo.xcodeproj; sourceTree = "<group>"; };
		CFAEBDAC1D0819B70097597F /* Helpers.h */ = {isa = PBXFileReference; fileEncoding = 4; lastKnownFileType = sourcecode.c.h; path = Helpers.h; sourceTree = "<group>"; };
		CFAEBDAD1D0819B70097597F /* Helpers.m */ = {isa = PBXFileReference; fileEncoding = 4; lastKnownFileType = sourcecode.c.objc; path = Helpers.m; sourceTree = "<group>"; };
		CFAEBDE61D084FDB0097597F /* Fallacy.h */ = {isa = PBXFileReference; fileEncoding = 4; lastKnownFileType = sourcecode.c.h; name = Fallacy.h; path = Model/Fallacy/Fallacy.h; sourceTree = "<group>"; };
		CFAEBDE71D084FDB0097597F /* Fallacy.m */ = {isa = PBXFileReference; fileEncoding = 4; lastKnownFileType = sourcecode.c.objc; name = Fallacy.m; path = Model/Fallacy/Fallacy.m; sourceTree = "<group>"; };
		CFAEBDE91D0872650097597F /* ARGError.h */ = {isa = PBXFileReference; fileEncoding = 4; lastKnownFileType = sourcecode.c.h; name = ARGError.h; path = Model/Errors/ARGError.h; sourceTree = "<group>"; };
		CFAEBDEA1D0872650097597F /* ARGError.m */ = {isa = PBXFileReference; fileEncoding = 4; lastKnownFileType = sourcecode.c.objc; name = ARGError.m; path = Model/Errors/ARGError.m; sourceTree = "<group>"; };
		CFAEBDED1D087A490097597F /* UIImageView+Async.h */ = {isa = PBXFileReference; fileEncoding = 4; lastKnownFileType = sourcecode.c.h; name = "UIImageView+Async.h"; path = "Views/Extensions/UIImageView+Async.h"; sourceTree = "<group>"; };
		CFAEBDEE1D087A490097597F /* UIImageView+Async.m */ = {isa = PBXFileReference; fileEncoding = 4; lastKnownFileType = sourcecode.c.objc; name = "UIImageView+Async.m"; path = "Views/Extensions/UIImageView+Async.m"; sourceTree = "<group>"; };
		CFAEBDF21D09A43A0097597F /* SettingsViewController.h */ = {isa = PBXFileReference; fileEncoding = 4; lastKnownFileType = sourcecode.c.h; name = SettingsViewController.h; path = ViewControllers/SettingsViewController/SettingsViewController.h; sourceTree = "<group>"; };
		CFAEBDF31D09A43A0097597F /* SettingsViewController.m */ = {isa = PBXFileReference; fileEncoding = 4; lastKnownFileType = sourcecode.c.objc; name = SettingsViewController.m; path = ViewControllers/SettingsViewController/SettingsViewController.m; sourceTree = "<group>"; };
		CFAEBDF61D09A72A0097597F /* ArgumentDetailsViewController.h */ = {isa = PBXFileReference; fileEncoding = 4; lastKnownFileType = sourcecode.c.h; name = ArgumentDetailsViewController.h; path = ViewControllers/ArgumentViewController/ArgumentDetailsViewController/ArgumentDetailsViewController.h; sourceTree = "<group>"; };
		CFAEBDF71D09A72A0097597F /* ArgumentDetailsViewController.m */ = {isa = PBXFileReference; fileEncoding = 4; lastKnownFileType = sourcecode.c.objc; name = ArgumentDetailsViewController.m; path = ViewControllers/ArgumentViewController/ArgumentDetailsViewController/ArgumentDetailsViewController.m; sourceTree = "<group>"; };
		CFAEBDF91D09A89C0097597F /* ArgumentTableHeaderView.h */ = {isa = PBXFileReference; fileEncoding = 4; lastKnownFileType = sourcecode.c.h; name = ArgumentTableHeaderView.h; path = ViewControllers/ArgumentViewController/ArgumentDetailsViewController/ArgumentTableHeaderView.h; sourceTree = "<group>"; };
		CFAEBDFA1D09A89C0097597F /* ArgumentTableHeaderView.m */ = {isa = PBXFileReference; fileEncoding = 4; lastKnownFileType = sourcecode.c.objc; name = ArgumentTableHeaderView.m; path = ViewControllers/ArgumentViewController/ArgumentDetailsViewController/ArgumentTableHeaderView.m; sourceTree = "<group>"; };
		CFAEBDFC1D09BACF0097597F /* PremiseCell.h */ = {isa = PBXFileReference; fileEncoding = 4; lastKnownFileType = sourcecode.c.h; name = PremiseCell.h; path = ViewControllers/ArgumentViewController/ArgumentDetailsViewController/PremiseCell.h; sourceTree = "<group>"; };
		CFAEBDFD1D09BACF0097597F /* PremiseCell.m */ = {isa = PBXFileReference; fileEncoding = 4; lastKnownFileType = sourcecode.c.objc; name = PremiseCell.m; path = ViewControllers/ArgumentViewController/ArgumentDetailsViewController/PremiseCell.m; sourceTree = "<group>"; };
		CFAEBE061D09C1660097597F /* PremiseDetailsViewController.h */ = {isa = PBXFileReference; fileEncoding = 4; lastKnownFileType = sourcecode.c.h; name = PremiseDetailsViewController.h; path = ViewControllers/ArgumentViewController/ArgumentDetailsViewController/PremiseDetailsViewController/PremiseDetailsViewController.h; sourceTree = "<group>"; };
		CFAEBE071D09C1660097597F /* PremiseDetailsViewController.m */ = {isa = PBXFileReference; fileEncoding = 4; lastKnownFileType = sourcecode.c.objc; name = PremiseDetailsViewController.m; path = ViewControllers/ArgumentViewController/ArgumentDetailsViewController/PremiseDetailsViewController/PremiseDetailsViewController.m; sourceTree = "<group>"; };
		CFCC59101D09C3D900DD55DA /* PremiseTableHeaderView.h */ = {isa = PBXFileReference; fileEncoding = 4; lastKnownFileType = sourcecode.c.h; name = PremiseTableHeaderView.h; path = ViewControllers/ArgumentViewController/ArgumentDetailsViewController/PremiseDetailsViewController/PremiseTableHeaderView.h; sourceTree = "<group>"; };
		CFCC59111D09C3D900DD55DA /* PremiseTableHeaderView.m */ = {isa = PBXFileReference; fileEncoding = 4; lastKnownFileType = sourcecode.c.objc; name = PremiseTableHeaderView.m; path = ViewControllers/ArgumentViewController/ArgumentDetailsViewController/PremiseDetailsViewController/PremiseTableHeaderView.m; sourceTree = "<group>"; };
/* End PBXFileReference section */

/* Begin PBXFrameworksBuildPhase section */
		CF64A6031B4A9A5D00F29857 /* Frameworks */ = {
			isa = PBXFrameworksBuildPhase;
			buildActionMask = 2147483647;
			files = (
				CFAEB6B61D106E810049D0B0 /* NSDateTimeAgo.framework in Frameworks */,
				CFAEB69B1D106E5A0049D0B0 /* AFNetworking.framework in Frameworks */,
			);
			runOnlyForDeploymentPostprocessing = 0;
		};
		CF64A61C1B4A9A5D00F29857 /* Frameworks */ = {
			isa = PBXFrameworksBuildPhase;
			buildActionMask = 2147483647;
			files = (
			);
			runOnlyForDeploymentPostprocessing = 0;
		};
/* End PBXFrameworksBuildPhase section */

/* Begin PBXGroup section */
		CF1B7C391D05D37100260CD4 /* Server */ = {
			isa = PBXGroup;
			children = (
				CF1B7C3A1D05D39500260CD4 /* ServerEndPoints.h */,
				CF1B7C3B1D05D39500260CD4 /* ServerEndPoints.m */,
				CFAEBDE91D0872650097597F /* ARGError.h */,
				CFAEBDEA1D0872650097597F /* ARGError.m */,
			);
			name = Server;
			sourceTree = "<group>";
		};
		CF1B7C3D1D05E58500260CD4 /* ViewControllers */ = {
			isa = PBXGroup;
			children = (
				CFAEBDF11D09A42C0097597F /* SettingsViewController */,
				CF698C571D072040000DB479 /* ArgumentsViewController */,
				CF1B7C3E1D05E59000260CD4 /* NewsfeedViewController */,
			);
			name = ViewControllers;
			sourceTree = "<group>";
		};
		CF1B7C3E1D05E59000260CD4 /* NewsfeedViewController */ = {
			isa = PBXGroup;
			children = (
				CF1B7C3F1D05E5A400260CD4 /* NewsfeedViewController.h */,
				CF1B7C401D05E5A400260CD4 /* NewsfeedViewController.m */,
				CF02A0E21D06F693005710B1 /* NewsfeedCell.h */,
				CF02A0E31D06F693005710B1 /* NewsfeedCell.m */,
			);
			name = NewsfeedViewController;
			sourceTree = "<group>";
		};
		CF64A5FD1B4A9A5D00F29857 = {
			isa = PBXGroup;
			children = (
				CF64A6081B4A9A5D00F29857 /* Arguman */,
				CF64A6221B4A9A5D00F29857 /* ArgumanTests */,
				CF64A6071B4A9A5D00F29857 /* Products */,
				CFAEB6A81D106E6D0049D0B0 /* NSDateTimeAgo.xcodeproj */,
				CFAEB6811D106E440049D0B0 /* AFNetworking.xcodeproj */,
			);
			sourceTree = "<group>";
		};
		CF64A6071B4A9A5D00F29857 /* Products */ = {
			isa = PBXGroup;
			children = (
				CF64A6061B4A9A5D00F29857 /* Arguman.app */,
				CF64A61F1B4A9A5D00F29857 /* ArgumanTests.xctest */,
			);
			name = Products;
			sourceTree = "<group>";
		};
		CF64A6081B4A9A5D00F29857 /* Arguman */ = {
			isa = PBXGroup;
			children = (
				CFAEBDF01D087A8F0097597F /* Views */,
				CF1B7C3D1D05E58500260CD4 /* ViewControllers */,
				CF64A62F1B4A9A6800F29857 /* Model */,
				CF64A60D1B4A9A5D00F29857 /* AppDelegate.h */,
				CF64A60E1B4A9A5D00F29857 /* AppDelegate.m */,
				CF64A6161B4A9A5D00F29857 /* Images.xcassets */,
				CF64A6181B4A9A5D00F29857 /* LaunchScreen.xib */,
				CF64A6091B4A9A5D00F29857 /* Supporting Files */,
			);
			path = Arguman;
			sourceTree = "<group>";
		};
		CF64A6091B4A9A5D00F29857 /* Supporting Files */ = {
			isa = PBXGroup;
			children = (
				CF64A60A1B4A9A5D00F29857 /* Info.plist */,
				CF64A60B1B4A9A5D00F29857 /* main.m */,
			);
			name = "Supporting Files";
			sourceTree = "<group>";
		};
		CF64A6221B4A9A5D00F29857 /* ArgumanTests */ = {
			isa = PBXGroup;
			children = (
				CF64A6251B4A9A5D00F29857 /* ArgumanTests.m */,
				CF64A6231B4A9A5D00F29857 /* Supporting Files */,
			);
			path = ArgumanTests;
			sourceTree = "<group>";
		};
		CF64A6231B4A9A5D00F29857 /* Supporting Files */ = {
			isa = PBXGroup;
			children = (
				CF64A6241B4A9A5D00F29857 /* Info.plist */,
			);
			name = "Supporting Files";
			sourceTree = "<group>";
		};
		CF64A62F1B4A9A6800F29857 /* Model */ = {
			isa = PBXGroup;
			children = (
				CFAEBDE51D084FCF0097597F /* Fallacy */,
				CF1B7C391D05D37100260CD4 /* Server */,
				CF64A63F1B4A9B6600F29857 /* Notifications */,
				CF64A63B1B4A9B2B00F29857 /* Newsfeed */,
				CF64A6371B4A9B0B00F29857 /* Auth */,
				CF64A6301B4A9A7F00F29857 /* Arguments */,
				CF1B7C381D05D30200260CD4 /* Constants.h */,
				CFAEBDAC1D0819B70097597F /* Helpers.h */,
				CFAEBDAD1D0819B70097597F /* Helpers.m */,
			);
			name = Model;
			sourceTree = "<group>";
		};
		CF64A6301B4A9A7F00F29857 /* Arguments */ = {
			isa = PBXGroup;
			children = (
				CF64A6311B4A9A9F00F29857 /* Argument.h */,
				CF64A6321B4A9A9F00F29857 /* Argument.m */,
				CF64A6341B4A9AAB00F29857 /* Premise.h */,
				CF64A6351B4A9AAB00F29857 /* Premise.m */,
				CF02A0DF1D06F43D005710B1 /* Contention.h */,
				CF02A0E01D06F43D005710B1 /* Contention.m */,
			);
			name = Arguments;
			sourceTree = "<group>";
		};
		CF64A6371B4A9B0B00F29857 /* Auth */ = {
			isa = PBXGroup;
			children = (
				CF64A6381B4A9B1700F29857 /* User.h */,
				CF64A6391B4A9B1700F29857 /* User.m */,
			);
			name = Auth;
			sourceTree = "<group>";
		};
		CF64A63B1B4A9B2B00F29857 /* Newsfeed */ = {
			isa = PBXGroup;
			children = (
				CF64A63C1B4A9B3B00F29857 /* Newsfeed.h */,
				CF64A63D1B4A9B3B00F29857 /* Newsfeed.m */,
			);
			name = Newsfeed;
			sourceTree = "<group>";
		};
		CF64A63F1B4A9B6600F29857 /* Notifications */ = {
			isa = PBXGroup;
			children = (
				CF64A6401B4A9B7300F29857 /* Notification.h */,
				CF64A6411B4A9B7300F29857 /* Notification.m */,
			);
			name = Notifications;
			sourceTree = "<group>";
		};
		CF698C571D072040000DB479 /* ArgumentsViewController */ = {
			isa = PBXGroup;
			children = (
				CFAEBDF51D09A71A0097597F /* ArgumentDetailsViewController */,
				CF698C581D072052000DB479 /* ArgumentsViewController.h */,
				CF698C591D072052000DB479 /* ArgumentsViewController.m */,
				CF698C5B1D072573000DB479 /* ArgumentsCell.h */,
				CF698C5C1D072573000DB479 /* ArgumentsCell.m */,
			);
			name = ArgumentsViewController;
			sourceTree = "<group>";
		};
		CFAEB6821D106E440049D0B0 /* Products */ = {
			isa = PBXGroup;
			children = (
				CFAEB68C1D106E440049D0B0 /* AFNetworking.framework */,
				CFAEB68E1D106E440049D0B0 /* AFNetworking.framework */,
				CFAEB6901D106E440049D0B0 /* AFNetworking.framework */,
				CFAEB6921D106E440049D0B0 /* AFNetworking.framework */,
				CFAEB6941D106E440049D0B0 /* AFNetworking iOS Tests.xctest */,
				CFAEB6961D106E440049D0B0 /* AFNetworking Mac OS X Tests.xctest */,
				CFAEB6981D106E440049D0B0 /* AFNetworking tvOS Tests.xctest */,
			);
			name = Products;
			sourceTree = "<group>";
		};
		CFAEB6A91D106E6D0049D0B0 /* Products */ = {
			isa = PBXGroup;
			children = (
				CFAEB6AF1D106E6D0049D0B0 /* NSDateTimeAgo.framework */,
				CFAEB6B11D106E6D0049D0B0 /* NSDateTimeAgoTests.xctest */,
				CFAEB6B31D106E6D0049D0B0 /* NSDateTimeAgo.framework */,
			);
			name = Products;
			sourceTree = "<group>";
		};
		CFAEBDE51D084FCF0097597F /* Fallacy */ = {
			isa = PBXGroup;
			children = (
				CFAEBDE61D084FDB0097597F /* Fallacy.h */,
				CFAEBDE71D084FDB0097597F /* Fallacy.m */,
			);
			name = Fallacy;
			sourceTree = "<group>";
		};
		CFAEBDEC1D087A1C0097597F /* Extensions */ = {
			isa = PBXGroup;
			children = (
				CFAEBDED1D087A490097597F /* UIImageView+Async.h */,
				CFAEBDEE1D087A490097597F /* UIImageView+Async.m */,
			);
			name = Extensions;
			sourceTree = "<group>";
		};
		CFAEBDF01D087A8F0097597F /* Views */ = {
			isa = PBXGroup;
			children = (
				CFAEBDEC1D087A1C0097597F /* Extensions */,
			);
			name = Views;
			sourceTree = "<group>";
		};
		CFAEBDF11D09A42C0097597F /* SettingsViewController */ = {
			isa = PBXGroup;
			children = (
				CFAEBDF21D09A43A0097597F /* SettingsViewController.h */,
				CFAEBDF31D09A43A0097597F /* SettingsViewController.m */,
			);
			name = SettingsViewController;
			sourceTree = "<group>";
		};
		CFAEBDF51D09A71A0097597F /* ArgumentDetailsViewController */ = {
			isa = PBXGroup;
			children = (
				CFAEBE051D09C15B0097597F /* PremiseDetailsViewController */,
				CFAEBDF61D09A72A0097597F /* ArgumentDetailsViewController.h */,
				CFAEBDF71D09A72A0097597F /* ArgumentDetailsViewController.m */,
				CFAEBDF91D09A89C0097597F /* ArgumentTableHeaderView.h */,
				CFAEBDFA1D09A89C0097597F /* ArgumentTableHeaderView.m */,
				CFAEBDFC1D09BACF0097597F /* PremiseCell.h */,
				CFAEBDFD1D09BACF0097597F /* PremiseCell.m */,
			);
			name = ArgumentDetailsViewController;
			sourceTree = "<group>";
		};
		CFAEBE051D09C15B0097597F /* PremiseDetailsViewController */ = {
			isa = PBXGroup;
			children = (
				CFAEBE061D09C1660097597F /* PremiseDetailsViewController.h */,
				CFAEBE071D09C1660097597F /* PremiseDetailsViewController.m */,
				CFCC59101D09C3D900DD55DA /* PremiseTableHeaderView.h */,
				CFCC59111D09C3D900DD55DA /* PremiseTableHeaderView.m */,
			);
			name = PremiseDetailsViewController;
			sourceTree = "<group>";
		};
/* End PBXGroup section */

/* Begin PBXNativeTarget section */
		CF64A6051B4A9A5D00F29857 /* Arguman */ = {
			isa = PBXNativeTarget;
			buildConfigurationList = CF64A6291B4A9A5D00F29857 /* Build configuration list for PBXNativeTarget "Arguman" */;
			buildPhases = (
				CF64A6021B4A9A5D00F29857 /* Sources */,
				CF64A6031B4A9A5D00F29857 /* Frameworks */,
				CF64A6041B4A9A5D00F29857 /* Resources */,
			);
			buildRules = (
			);
			dependencies = (
				CFAEB6B51D106E780049D0B0 /* PBXTargetDependency */,
				CFAEB69A1D106E4B0049D0B0 /* PBXTargetDependency */,
			);
			name = Arguman;
			productName = Arguman;
			productReference = CF64A6061B4A9A5D00F29857 /* Arguman.app */;
			productType = "com.apple.product-type.application";
		};
		CF64A61E1B4A9A5D00F29857 /* ArgumanTests */ = {
			isa = PBXNativeTarget;
			buildConfigurationList = CF64A62C1B4A9A5D00F29857 /* Build configuration list for PBXNativeTarget "ArgumanTests" */;
			buildPhases = (
				CF64A61B1B4A9A5D00F29857 /* Sources */,
				CF64A61C1B4A9A5D00F29857 /* Frameworks */,
				CF64A61D1B4A9A5D00F29857 /* Resources */,
			);
			buildRules = (
			);
			dependencies = (
				CF64A6211B4A9A5D00F29857 /* PBXTargetDependency */,
			);
			name = ArgumanTests;
			productName = ArgumanTests;
			productReference = CF64A61F1B4A9A5D00F29857 /* ArgumanTests.xctest */;
			productType = "com.apple.product-type.bundle.unit-test";
		};
/* End PBXNativeTarget section */

/* Begin PBXProject section */
		CF64A5FE1B4A9A5D00F29857 /* Project object */ = {
			isa = PBXProject;
			attributes = {
				LastUpgradeCheck = 0730;
				ORGANIZATIONNAME = cekisakurek;
				TargetAttributes = {
					CF64A6051B4A9A5D00F29857 = {
						CreatedOnToolsVersion = 6.3.2;
					};
					CF64A61E1B4A9A5D00F29857 = {
						CreatedOnToolsVersion = 6.3.2;
						TestTargetID = CF64A6051B4A9A5D00F29857;
					};
				};
			};
			buildConfigurationList = CF64A6011B4A9A5D00F29857 /* Build configuration list for PBXProject "Arguman" */;
			compatibilityVersion = "Xcode 3.2";
			developmentRegion = English;
			hasScannedForEncodings = 0;
			knownRegions = (
				en,
				Base,
			);
			mainGroup = CF64A5FD1B4A9A5D00F29857;
			productRefGroup = CF64A6071B4A9A5D00F29857 /* Products */;
			projectDirPath = "";
			projectReferences = (
				{
					ProductGroup = CFAEB6821D106E440049D0B0 /* Products */;
					ProjectRef = CFAEB6811D106E440049D0B0 /* AFNetworking.xcodeproj */;
				},
				{
					ProductGroup = CFAEB6A91D106E6D0049D0B0 /* Products */;
					ProjectRef = CFAEB6A81D106E6D0049D0B0 /* NSDateTimeAgo.xcodeproj */;
				},
			);
			projectRoot = "";
			targets = (
				CF64A6051B4A9A5D00F29857 /* Arguman */,
				CF64A61E1B4A9A5D00F29857 /* ArgumanTests */,
			);
		};
/* End PBXProject section */

/* Begin PBXReferenceProxy section */
		CFAEB68C1D106E440049D0B0 /* AFNetworking.framework */ = {
			isa = PBXReferenceProxy;
			fileType = wrapper.framework;
			path = AFNetworking.framework;
			remoteRef = CFAEB68B1D106E440049D0B0 /* PBXContainerItemProxy */;
			sourceTree = BUILT_PRODUCTS_DIR;
		};
		CFAEB68E1D106E440049D0B0 /* AFNetworking.framework */ = {
			isa = PBXReferenceProxy;
			fileType = wrapper.framework;
			path = AFNetworking.framework;
			remoteRef = CFAEB68D1D106E440049D0B0 /* PBXContainerItemProxy */;
			sourceTree = BUILT_PRODUCTS_DIR;
		};
		CFAEB6901D106E440049D0B0 /* AFNetworking.framework */ = {
			isa = PBXReferenceProxy;
			fileType = wrapper.framework;
			path = AFNetworking.framework;
			remoteRef = CFAEB68F1D106E440049D0B0 /* PBXContainerItemProxy */;
			sourceTree = BUILT_PRODUCTS_DIR;
		};
		CFAEB6921D106E440049D0B0 /* AFNetworking.framework */ = {
			isa = PBXReferenceProxy;
			fileType = wrapper.framework;
			path = AFNetworking.framework;
			remoteRef = CFAEB6911D106E440049D0B0 /* PBXContainerItemProxy */;
			sourceTree = BUILT_PRODUCTS_DIR;
		};
		CFAEB6941D106E440049D0B0 /* AFNetworking iOS Tests.xctest */ = {
			isa = PBXReferenceProxy;
			fileType = wrapper.cfbundle;
			path = "AFNetworking iOS Tests.xctest";
			remoteRef = CFAEB6931D106E440049D0B0 /* PBXContainerItemProxy */;
			sourceTree = BUILT_PRODUCTS_DIR;
		};
		CFAEB6961D106E440049D0B0 /* AFNetworking Mac OS X Tests.xctest */ = {
			isa = PBXReferenceProxy;
			fileType = wrapper.cfbundle;
			path = "AFNetworking Mac OS X Tests.xctest";
			remoteRef = CFAEB6951D106E440049D0B0 /* PBXContainerItemProxy */;
			sourceTree = BUILT_PRODUCTS_DIR;
		};
		CFAEB6981D106E440049D0B0 /* AFNetworking tvOS Tests.xctest */ = {
			isa = PBXReferenceProxy;
			fileType = wrapper.cfbundle;
			path = "AFNetworking tvOS Tests.xctest";
			remoteRef = CFAEB6971D106E440049D0B0 /* PBXContainerItemProxy */;
			sourceTree = BUILT_PRODUCTS_DIR;
		};
		CFAEB6AF1D106E6D0049D0B0 /* NSDateTimeAgo.framework */ = {
			isa = PBXReferenceProxy;
			fileType = wrapper.framework;
			path = NSDateTimeAgo.framework;
			remoteRef = CFAEB6AE1D106E6D0049D0B0 /* PBXContainerItemProxy */;
			sourceTree = BUILT_PRODUCTS_DIR;
		};
		CFAEB6B11D106E6D0049D0B0 /* NSDateTimeAgoTests.xctest */ = {
			isa = PBXReferenceProxy;
			fileType = wrapper.cfbundle;
			path = NSDateTimeAgoTests.xctest;
			remoteRef = CFAEB6B01D106E6D0049D0B0 /* PBXContainerItemProxy */;
			sourceTree = BUILT_PRODUCTS_DIR;
		};
		CFAEB6B31D106E6D0049D0B0 /* NSDateTimeAgo.framework */ = {
			isa = PBXReferenceProxy;
			fileType = wrapper.framework;
			path = NSDateTimeAgo.framework;
			remoteRef = CFAEB6B21D106E6D0049D0B0 /* PBXContainerItemProxy */;
			sourceTree = BUILT_PRODUCTS_DIR;
		};
/* End PBXReferenceProxy section */

/* Begin PBXResourcesBuildPhase section */
		CF64A6041B4A9A5D00F29857 /* Resources */ = {
			isa = PBXResourcesBuildPhase;
			buildActionMask = 2147483647;
			files = (
				CF64A61A1B4A9A5D00F29857 /* LaunchScreen.xib in Resources */,
				CF64A6171B4A9A5D00F29857 /* Images.xcassets in Resources */,
			);
			runOnlyForDeploymentPostprocessing = 0;
		};
		CF64A61D1B4A9A5D00F29857 /* Resources */ = {
			isa = PBXResourcesBuildPhase;
			buildActionMask = 2147483647;
			files = (
			);
			runOnlyForDeploymentPostprocessing = 0;
		};
/* End PBXResourcesBuildPhase section */

/* Begin PBXSourcesBuildPhase section */
		CF64A6021B4A9A5D00F29857 /* Sources */ = {
			isa = PBXSourcesBuildPhase;
			buildActionMask = 2147483647;
			files = (
				CF64A6421B4A9B7300F29857 /* Notification.m in Sources */,
				CF64A6331B4A9A9F00F29857 /* Argument.m in Sources */,
				CF64A63A1B4A9B1700F29857 /* User.m in Sources */,
				CFAEBDF81D09A72A0097597F /* ArgumentDetailsViewController.m in Sources */,
				CFAEBDF41D09A43A0097597F /* SettingsViewController.m in Sources */,
				CF1B7C3C1D05D39500260CD4 /* ServerEndPoints.m in Sources */,
				CFCC59121D09C3D900DD55DA /* PremiseTableHeaderView.m in Sources */,
				CF64A60F1B4A9A5D00F29857 /* AppDelegate.m in Sources */,
				CFAEBDFE1D09BACF0097597F /* PremiseCell.m in Sources */,
				CFAEBDFB1D09A89C0097597F /* ArgumentTableHeaderView.m in Sources */,
				CF698C5A1D072052000DB479 /* ArgumentsViewController.m in Sources */,
				CF64A60C1B4A9A5D00F29857 /* main.m in Sources */,
				CF64A63E1B4A9B3B00F29857 /* Newsfeed.m in Sources */,
				CF02A0E41D06F693005710B1 /* NewsfeedCell.m in Sources */,
				CFAEBDEF1D087A490097597F /* UIImageView+Async.m in Sources */,
				CFAEBDEB1D0872650097597F /* ARGError.m in Sources */,
				CF698C5D1D072573000DB479 /* ArgumentsCell.m in Sources */,
				CF64A6361B4A9AAB00F29857 /* Premise.m in Sources */,
				CFAEBE081D09C1660097597F /* PremiseDetailsViewController.m in Sources */,
				CFAEBDAE1D0819B70097597F /* Helpers.m in Sources */,
				CF02A0E11D06F43D005710B1 /* Contention.m in Sources */,
				CFAEBDE81D084FDB0097597F /* Fallacy.m in Sources */,
				CF1B7C411D05E5A400260CD4 /* NewsfeedViewController.m in Sources */,
			);
			runOnlyForDeploymentPostprocessing = 0;
		};
		CF64A61B1B4A9A5D00F29857 /* Sources */ = {
			isa = PBXSourcesBuildPhase;
			buildActionMask = 2147483647;
			files = (
				CF64A6261B4A9A5D00F29857 /* ArgumanTests.m in Sources */,
			);
			runOnlyForDeploymentPostprocessing = 0;
		};
/* End PBXSourcesBuildPhase section */

/* Begin PBXTargetDependency section */
		CF64A6211B4A9A5D00F29857 /* PBXTargetDependency */ = {
			isa = PBXTargetDependency;
			target = CF64A6051B4A9A5D00F29857 /* Arguman */;
			targetProxy = CF64A6201B4A9A5D00F29857 /* PBXContainerItemProxy */;
		};
		CFAEB69A1D106E4B0049D0B0 /* PBXTargetDependency */ = {
			isa = PBXTargetDependency;
			name = "AFNetworking iOS";
			targetProxy = CFAEB6991D106E4B0049D0B0 /* PBXContainerItemProxy */;
		};
		CFAEB6B51D106E780049D0B0 /* PBXTargetDependency */ = {
			isa = PBXTargetDependency;
			name = NSDateTimeAgo;
			targetProxy = CFAEB6B41D106E780049D0B0 /* PBXContainerItemProxy */;
		};
/* End PBXTargetDependency section */

/* Begin PBXVariantGroup section */
		CF64A6181B4A9A5D00F29857 /* LaunchScreen.xib */ = {
			isa = PBXVariantGroup;
			children = (
				CF64A6191B4A9A5D00F29857 /* Base */,
			);
			name = LaunchScreen.xib;
			sourceTree = "<group>";
		};
/* End PBXVariantGroup section */

/* Begin XCBuildConfiguration section */
		CF64A6271B4A9A5D00F29857 /* Debug */ = {
			isa = XCBuildConfiguration;
			buildSettings = {
				ALWAYS_SEARCH_USER_PATHS = NO;
				CLANG_CXX_LANGUAGE_STANDARD = "gnu++0x";
				CLANG_CXX_LIBRARY = "libc++";
				CLANG_ENABLE_MODULES = YES;
				CLANG_ENABLE_OBJC_ARC = YES;
				CLANG_WARN_BOOL_CONVERSION = YES;
				CLANG_WARN_CONSTANT_CONVERSION = YES;
				CLANG_WARN_DIRECT_OBJC_ISA_USAGE = YES_ERROR;
				CLANG_WARN_EMPTY_BODY = YES;
				CLANG_WARN_ENUM_CONVERSION = YES;
				CLANG_WARN_INT_CONVERSION = YES;
				CLANG_WARN_OBJC_ROOT_CLASS = YES_ERROR;
				CLANG_WARN_UNREACHABLE_CODE = YES;
				CLANG_WARN__DUPLICATE_METHOD_MATCH = YES;
				"CODE_SIGN_IDENTITY[sdk=iphoneos*]" = "iPhone Developer";
				COPY_PHASE_STRIP = NO;
				DEBUG_INFORMATION_FORMAT = "dwarf-with-dsym";
				ENABLE_STRICT_OBJC_MSGSEND = YES;
				ENABLE_TESTABILITY = YES;
				GCC_C_LANGUAGE_STANDARD = gnu99;
				GCC_DYNAMIC_NO_PIC = NO;
				GCC_NO_COMMON_BLOCKS = YES;
				GCC_OPTIMIZATION_LEVEL = 0;
				GCC_PREPROCESSOR_DEFINITIONS = (
					"DEBUG=1",
					"$(inherited)",
				);
				GCC_SYMBOLS_PRIVATE_EXTERN = NO;
				GCC_WARN_64_TO_32_BIT_CONVERSION = YES;
				GCC_WARN_ABOUT_RETURN_TYPE = YES_ERROR;
				GCC_WARN_UNDECLARED_SELECTOR = YES;
				GCC_WARN_UNINITIALIZED_AUTOS = YES_AGGRESSIVE;
				GCC_WARN_UNUSED_FUNCTION = YES;
				GCC_WARN_UNUSED_VARIABLE = YES;
				IPHONEOS_DEPLOYMENT_TARGET = 9.0;
				MTL_ENABLE_DEBUG_INFO = YES;
				ONLY_ACTIVE_ARCH = YES;
				SDKROOT = iphoneos;
				TARGETED_DEVICE_FAMILY = "1,2";
			};
			name = Debug;
		};
		CF64A6281B4A9A5D00F29857 /* Release */ = {
			isa = XCBuildConfiguration;
			buildSettings = {
				ALWAYS_SEARCH_USER_PATHS = NO;
				CLANG_CXX_LANGUAGE_STANDARD = "gnu++0x";
				CLANG_CXX_LIBRARY = "libc++";
				CLANG_ENABLE_MODULES = YES;
				CLANG_ENABLE_OBJC_ARC = YES;
				CLANG_WARN_BOOL_CONVERSION = YES;
				CLANG_WARN_CONSTANT_CONVERSION = YES;
				CLANG_WARN_DIRECT_OBJC_ISA_USAGE = YES_ERROR;
				CLANG_WARN_EMPTY_BODY = YES;
				CLANG_WARN_ENUM_CONVERSION = YES;
				CLANG_WARN_INT_CONVERSION = YES;
				CLANG_WARN_OBJC_ROOT_CLASS = YES_ERROR;
				CLANG_WARN_UNREACHABLE_CODE = YES;
				CLANG_WARN__DUPLICATE_METHOD_MATCH = YES;
				"CODE_SIGN_IDENTITY[sdk=iphoneos*]" = "iPhone Developer";
				COPY_PHASE_STRIP = NO;
				DEBUG_INFORMATION_FORMAT = "dwarf-with-dsym";
				ENABLE_NS_ASSERTIONS = NO;
				ENABLE_STRICT_OBJC_MSGSEND = YES;
				GCC_C_LANGUAGE_STANDARD = gnu99;
				GCC_NO_COMMON_BLOCKS = YES;
				GCC_WARN_64_TO_32_BIT_CONVERSION = YES;
				GCC_WARN_ABOUT_RETURN_TYPE = YES_ERROR;
				GCC_WARN_UNDECLARED_SELECTOR = YES;
				GCC_WARN_UNINITIALIZED_AUTOS = YES_AGGRESSIVE;
				GCC_WARN_UNUSED_FUNCTION = YES;
				GCC_WARN_UNUSED_VARIABLE = YES;
				IPHONEOS_DEPLOYMENT_TARGET = 9.0;
				MTL_ENABLE_DEBUG_INFO = NO;
				SDKROOT = iphoneos;
				TARGETED_DEVICE_FAMILY = "1,2";
				VALIDATE_PRODUCT = YES;
			};
			name = Release;
		};
		CF64A62A1B4A9A5D00F29857 /* Debug */ = {
			isa = XCBuildConfiguration;
			buildSettings = {
				ASSETCATALOG_COMPILER_APPICON_NAME = AppIcon;
				INFOPLIST_FILE = Arguman/Info.plist;
				LD_RUNPATH_SEARCH_PATHS = "$(inherited) @executable_path/Frameworks";
				PRODUCT_BUNDLE_IDENTIFIER = "com.cekisakurek.$(PRODUCT_NAME:rfc1034identifier)";
				PRODUCT_NAME = "$(TARGET_NAME)";
			};
			name = Debug;
		};
		CF64A62B1B4A9A5D00F29857 /* Release */ = {
			isa = XCBuildConfiguration;
			buildSettings = {
				ASSETCATALOG_COMPILER_APPICON_NAME = AppIcon;
				INFOPLIST_FILE = Arguman/Info.plist;
				LD_RUNPATH_SEARCH_PATHS = "$(inherited) @executable_path/Frameworks";
				PRODUCT_BUNDLE_IDENTIFIER = "com.cekisakurek.$(PRODUCT_NAME:rfc1034identifier)";
				PRODUCT_NAME = "$(TARGET_NAME)";
			};
			name = Release;
		};
		CF64A62D1B4A9A5D00F29857 /* Debug */ = {
			isa = XCBuildConfiguration;
			buildSettings = {
				BUNDLE_LOADER = "$(TEST_HOST)";
				FRAMEWORK_SEARCH_PATHS = (
					"$(SDKROOT)/Developer/Library/Frameworks",
					"$(inherited)",
				);
				GCC_PREPROCESSOR_DEFINITIONS = (
					"DEBUG=1",
					"$(inherited)",
				);
				INFOPLIST_FILE = ArgumanTests/Info.plist;
				LD_RUNPATH_SEARCH_PATHS = "$(inherited) @executable_path/Frameworks @loader_path/Frameworks";
				PRODUCT_BUNDLE_IDENTIFIER = "com.cekisakurek.$(PRODUCT_NAME:rfc1034identifier)";
				PRODUCT_NAME = "$(TARGET_NAME)";
				TEST_HOST = "$(BUILT_PRODUCTS_DIR)/Arguman.app/Arguman";
			};
			name = Debug;
		};
		CF64A62E1B4A9A5D00F29857 /* Release */ = {
			isa = XCBuildConfiguration;
			buildSettings = {
				BUNDLE_LOADER = "$(TEST_HOST)";
				FRAMEWORK_SEARCH_PATHS = (
					"$(SDKROOT)/Developer/Library/Frameworks",
					"$(inherited)",
				);
				INFOPLIST_FILE = ArgumanTests/Info.plist;
				LD_RUNPATH_SEARCH_PATHS = "$(inherited) @executable_path/Frameworks @loader_path/Frameworks";
				PRODUCT_BUNDLE_IDENTIFIER = "com.cekisakurek.$(PRODUCT_NAME:rfc1034identifier)";
				PRODUCT_NAME = "$(TARGET_NAME)";
				TEST_HOST = "$(BUILT_PRODUCTS_DIR)/Arguman.app/Arguman";
			};
			name = Release;
		};
/* End XCBuildConfiguration section */

/* Begin XCConfigurationList section */
		CF64A6011B4A9A5D00F29857 /* Build configuration list for PBXProject "Arguman" */ = {
			isa = XCConfigurationList;
			buildConfigurations = (
				CF64A6271B4A9A5D00F29857 /* Debug */,
				CF64A6281B4A9A5D00F29857 /* Release */,
			);
			defaultConfigurationIsVisible = 0;
			defaultConfigurationName = Release;
		};
		CF64A6291B4A9A5D00F29857 /* Build configuration list for PBXNativeTarget "Arguman" */ = {
			isa = XCConfigurationList;
			buildConfigurations = (
				CF64A62A1B4A9A5D00F29857 /* Debug */,
				CF64A62B1B4A9A5D00F29857 /* Release */,
			);
			defaultConfigurationIsVisible = 0;
			defaultConfigurationName = Release;
		};
		CF64A62C1B4A9A5D00F29857 /* Build configuration list for PBXNativeTarget "ArgumanTests" */ = {
			isa = XCConfigurationList;
			buildConfigurations = (
				CF64A62D1B4A9A5D00F29857 /* Debug */,
				CF64A62E1B4A9A5D00F29857 /* Release */,
			);
			defaultConfigurationIsVisible = 0;
			defaultConfigurationName = Release;
		};
/* End XCConfigurationList section */
	};
	rootObject = CF64A5FE1B4A9A5D00F29857 /* Project object */;
}
